
Microsoft Visual Studio Solution File, Format Version 12.00
# Visual Studio for Mac
Project("{FAE04EC0-301F-11D3-BF4B-00C04F79EFBC}") = "Ex_CarGame", "Ex_CarGame.csproj", "{F9788F9A-C592-5B28-8FA4-495E66E0AD69}"
EndProject
Project("{FAE04EC0-301F-11D3-BF4B-00C04F79EFBC}") = "Ex_CarGame.Editor", "Ex_CarGame.Editor.csproj", "{030C9D3D-DACB-7452-0F67-845F722DAD30}"
EndProject
Global
	GlobalSection(SolutionConfigurationPlatforms) = preSolution
		Debug|Any CPU = Debug|Any CPU
		Release|Any CPU = Release|Any CPU
	EndGlobalSection
	GlobalSection(ProjectConfigurationPlatforms) = postSolution
		{F9788F9A-C592-5B28-8FA4-495E66E0AD69}.Debug|Any CPU.ActiveCfg = Debug|Any CPU
		{F9788F9A-C592-5B28-8FA4-495E66E0AD69}.Debug|Any CPU.Build.0 = Debug|Any CPU
		{F9788F9A-C592-5B28-8FA4-495E66E0AD69}.Release|Any CPU.ActiveCfg = Release|Any CPU
		{F9788F9A-C592-5B28-8FA4-495E66E0AD69}.Release|Any CPU.Build.0 = Release|Any CPU
		{030C9D3D-DACB-7452-0F67-845F722DAD30}.Debug|Any CPU.ActiveCfg = Debug|Any CPU
		{030C9D3D-DACB-7452-0F67-845F722DAD30}.Debug|Any CPU.Build.0 = Debug|Any CPU
		{030C9D3D-DACB-7452-0F67-845F722DAD30}.Release|Any CPU.ActiveCfg = Release|Any CPU
		{030C9D3D-DACB-7452-0F67-845F722DAD30}.Release|Any CPU.Build.0 = Release|Any CPU
	EndGlobalSection
	GlobalSection(SolutionProperties) = preSolution
		HideSolutionNode = FALSE
	EndGlobalSection
EndGlobal
